
Microsoft Visual Studio Solution File, Format Version 12.00
#
Project("{FAE04EC0-301F-11D3-BF4B-00C04F79EFBC}") = "vaultapp", "vaultapp\vaultapp.csproj", "{F319A4AA-F460-434E-97F4-B30A554DCDA2}"
EndProject
Project("{FAE04EC0-301F-11D3-BF4B-00C04F79EFBC}") = "BouncyCastleApp", "BouncyCastleApp\BouncyCastleApp.csproj", "{04649A3F-C1D1-4296-A179-4A2F5EFD6B77}"
EndProject
Project("{FAE04EC0-301F-11D3-BF4B-00C04F79EFBC}") = "JweEncryption", "JweEncryption\JweEncryption.csproj", "{4456BCCB-6CFE-4E2A-A157-23C28C977AF3}"
EndProject
Project("{FAE04EC0-301F-11D3-BF4B-00C04F79EFBC}") = "KeyManagemenSystem", "KeyManagemenSystem\KeyManagemenSystem.csproj", "{1F609E09-7025-485D-9ED1-2368B691053F}"
EndProject
Global
	GlobalSection(SolutionConfigurationPlatforms) = preSolution
		Debug|Any CPU = Debug|Any CPU
		Release|Any CPU = Release|Any CPU
	EndGlobalSection
	GlobalSection(ProjectConfigurationPlatforms) = postSolution
		{F319A4AA-F460-434E-97F4-B30A554DCDA2}.Debug|Any CPU.ActiveCfg = Debug|Any CPU
		{F319A4AA-F460-434E-97F4-B30A554DCDA2}.Debug|Any CPU.Build.0 = Debug|Any CPU
		{F319A4AA-F460-434E-97F4-B30A554DCDA2}.Release|Any CPU.ActiveCfg = Release|Any CPU
		{F319A4AA-F460-434E-97F4-B30A554DCDA2}.Release|Any CPU.Build.0 = Release|Any CPU
		{04649A3F-C1D1-4296-A179-4A2F5EFD6B77}.Debug|Any CPU.ActiveCfg = Debug|Any CPU
		{04649A3F-C1D1-4296-A179-4A2F5EFD6B77}.Debug|Any CPU.Build.0 = Debug|Any CPU
		{04649A3F-C1D1-4296-A179-4A2F5EFD6B77}.Release|Any CPU.ActiveCfg = Release|Any CPU
		{04649A3F-C1D1-4296-A179-4A2F5EFD6B77}.Release|Any CPU.Build.0 = Release|Any CPU
		{4456BCCB-6CFE-4E2A-A157-23C28C977AF3}.Debug|Any CPU.ActiveCfg = Debug|Any CPU
		{4456BCCB-6CFE-4E2A-A157-23C28C977AF3}.Debug|Any CPU.Build.0 = Debug|Any CPU
		{4456BCCB-6CFE-4E2A-A157-23C28C977AF3}.Release|Any CPU.ActiveCfg = Release|Any CPU
		{4456BCCB-6CFE-4E2A-A157-23C28C977AF3}.Release|Any CPU.Build.0 = Release|Any CPU
		{1F609E09-7025-485D-9ED1-2368B691053F}.Debug|Any CPU.ActiveCfg = Debug|Any CPU
		{1F609E09-7025-485D-9ED1-2368B691053F}.Debug|Any CPU.Build.0 = Debug|Any CPU
		{1F609E09-7025-485D-9ED1-2368B691053F}.Release|Any CPU.ActiveCfg = Release|Any CPU
		{1F609E09-7025-485D-9ED1-2368B691053F}.Release|Any CPU.Build.0 = Release|Any CPU
	EndGlobalSection
EndGlobal
