
Microsoft Visual Studio Solution File, Format Version 12.00
# 
Project("{FAE04EC0-301F-11D3-BF4B-00C04F79EFBC}") = "KeyManagementSystem", "KeyManagementSystem\KeyManagementSystem.csproj", "{53E794F2-10F7-4F59-8B26-39BECF814A69}"
EndProject
Project("{FAE04EC0-301F-11D3-BF4B-00C04F79EFBC}") = "vaultapp", "vaultapp\vaultapp.csproj", "{F319A4AA-F460-434E-97F4-B30A554DCDA2}"
EndProject
Project("{FAE04EC0-301F-11D3-BF4B-00C04F79EFBC}") = "BouncyCastleApp", "BouncyCastleApp\BouncyCastleApp.csproj", "{2785BE81-2AC6-45EA-975B-DB9DEA77299D}"
EndProject
Global
	GlobalSection(SolutionConfigurationPlatforms) = preSolution
		Debug|Any CPU = Debug|Any CPU
		Release|Any CPU = Release|Any CPU
	EndGlobalSection
	GlobalSection(ProjectConfigurationPlatforms) = postSolution
		{53E794F2-10F7-4F59-8B26-39BECF814A69}.Debug|Any CPU.ActiveCfg = Debug|Any CPU
		{53E794F2-10F7-4F59-8B26-39BECF814A69}.Debug|Any CPU.Build.0 = Debug|Any CPU
		{53E794F2-10F7-4F59-8B26-39BECF814A69}.Release|Any CPU.ActiveCfg = Release|Any CPU
		{53E794F2-10F7-4F59-8B26-39BECF814A69}.Release|Any CPU.Build.0 = Release|Any CPU
		{F319A4AA-F460-434E-97F4-B30A554DCDA2}.Debug|Any CPU.ActiveCfg = Debug|Any CPU
		{F319A4AA-F460-434E-97F4-B30A554DCDA2}.Debug|Any CPU.Build.0 = Debug|Any CPU
		{F319A4AA-F460-434E-97F4-B30A554DCDA2}.Release|Any CPU.ActiveCfg = Release|Any CPU
		{F319A4AA-F460-434E-97F4-B30A554DCDA2}.Release|Any CPU.Build.0 = Release|Any CPU
		{2785BE81-2AC6-45EA-975B-DB9DEA77299D}.Debug|Any CPU.ActiveCfg = Debug|Any CPU
		{2785BE81-2AC6-45EA-975B-DB9DEA77299D}.Debug|Any CPU.Build.0 = Debug|Any CPU
		{2785BE81-2AC6-45EA-975B-DB9DEA77299D}.Release|Any CPU.ActiveCfg = Release|Any CPU
		{2785BE81-2AC6-45EA-975B-DB9DEA77299D}.Release|Any CPU.Build.0 = Release|Any CPU
	EndGlobalSection
EndGlobal
