
Microsoft Visual Studio Solution File, Format Version 12.00
#
Project("{FAE04EC0-301F-11D3-BF4B-00C04F79EFBC}") = "vaultapp", "vaultapp\vaultapp.csproj", "{F319A4AA-F460-434E-97F4-B30A554DCDA2}"
EndProject
Project("{FAE04EC0-301F-11D3-BF4B-00C04F79EFBC}") = "BouncyCastleApp", "BouncyCastleApp\BouncyCastleApp.csproj", "{04649A3F-C1D1-4296-A179-4A2F5EFD6B77}"
EndProject
Project("{FAE04EC0-301F-11D3-BF4B-00C04F79EFBC}") = "JweEncryption", "JweEncryption\JweEncryption.csproj", "{4456BCCB-6CFE-4E2A-A157-23C28C977AF3}"
EndProject
Project("{FAE04EC0-301F-11D3-BF4B-00C04F79EFBC}") = "KeyManagemenSystem", "KeyManagemenSystem\KeyManagemenSystem.csproj", "{1F609E09-7025-485D-9ED1-2368B691053F}"
EndProject
Project("{2150E333-8FDC-42A3-9474-1A3956D46DE8}") = "DataAccess", "DataAccess", "{02F714B9-1B8D-4870-BF83-BDF566A46886}"
EndProject
Project("{2150E333-8FDC-42A3-9474-1A3956D46DE8}") = "Core", "Core", "{E155C128-6227-4AEB-AF7B-D5CCFEBE9DDD}"
EndProject
Project("{2150E333-8FDC-42A3-9474-1A3956D46DE8}") = "Services", "Services", "{571812B0-72DB-469A-846D-4C224A6F74B0}"
EndProject
Project("{FAE04EC0-301F-11D3-BF4B-00C04F79EFBC}") = "Services.Kms", "Services.Kms\Services.Kms.csproj", "{863192E3-ADF6-44BE-BF2B-518A9E91805D}"
EndProject
Project("{FAE04EC0-301F-11D3-BF4B-00C04F79EFBC}") = "DataAccess.Security", "DataAccess.Security\DataAccess.Security.csproj", "{E695C0FB-98DB-42DB-A7B0-0CFBC5C21ABE}"
EndProject
Project("{FAE04EC0-301F-11D3-BF4B-00C04F79EFBC}") = "Core.Security", "Core.Security\Core.Security.csproj", "{F3DC1262-53F9-411E-8450-972418109250}"
EndProject
Project("{FAE04EC0-301F-11D3-BF4B-00C04F79EFBC}") = "Core.IoC", "Core.IoC\Core.IoC.csproj", "{0C88E4F2-E740-441A-A49C-630836CAA58C}"
EndProject
Project("{FAE04EC0-301F-11D3-BF4B-00C04F79EFBC}") = "DataAccess.Models", "DataAccess.Models\DataAccess.Models.csproj", "{5D4B6A2E-0778-462C-9556-FCAF6FF6AE7D}"
EndProject
Global
	GlobalSection(SolutionConfigurationPlatforms) = preSolution
		Debug|Any CPU = Debug|Any CPU
		Release|Any CPU = Release|Any CPU
	EndGlobalSection
	GlobalSection(ProjectConfigurationPlatforms) = postSolution
		{F319A4AA-F460-434E-97F4-B30A554DCDA2}.Debug|Any CPU.ActiveCfg = Debug|Any CPU
		{F319A4AA-F460-434E-97F4-B30A554DCDA2}.Debug|Any CPU.Build.0 = Debug|Any CPU
		{F319A4AA-F460-434E-97F4-B30A554DCDA2}.Release|Any CPU.ActiveCfg = Release|Any CPU
		{F319A4AA-F460-434E-97F4-B30A554DCDA2}.Release|Any CPU.Build.0 = Release|Any CPU
		{04649A3F-C1D1-4296-A179-4A2F5EFD6B77}.Debug|Any CPU.ActiveCfg = Debug|Any CPU
		{04649A3F-C1D1-4296-A179-4A2F5EFD6B77}.Debug|Any CPU.Build.0 = Debug|Any CPU
		{04649A3F-C1D1-4296-A179-4A2F5EFD6B77}.Release|Any CPU.ActiveCfg = Release|Any CPU
		{04649A3F-C1D1-4296-A179-4A2F5EFD6B77}.Release|Any CPU.Build.0 = Release|Any CPU
		{4456BCCB-6CFE-4E2A-A157-23C28C977AF3}.Debug|Any CPU.ActiveCfg = Debug|Any CPU
		{4456BCCB-6CFE-4E2A-A157-23C28C977AF3}.Debug|Any CPU.Build.0 = Debug|Any CPU
		{4456BCCB-6CFE-4E2A-A157-23C28C977AF3}.Release|Any CPU.ActiveCfg = Release|Any CPU
		{4456BCCB-6CFE-4E2A-A157-23C28C977AF3}.Release|Any CPU.Build.0 = Release|Any CPU
		{1F609E09-7025-485D-9ED1-2368B691053F}.Debug|Any CPU.ActiveCfg = Debug|Any CPU
		{1F609E09-7025-485D-9ED1-2368B691053F}.Debug|Any CPU.Build.0 = Debug|Any CPU
		{1F609E09-7025-485D-9ED1-2368B691053F}.Release|Any CPU.ActiveCfg = Release|Any CPU
		{1F609E09-7025-485D-9ED1-2368B691053F}.Release|Any CPU.Build.0 = Release|Any CPU
		{863192E3-ADF6-44BE-BF2B-518A9E91805D}.Debug|Any CPU.ActiveCfg = Debug|Any CPU
		{863192E3-ADF6-44BE-BF2B-518A9E91805D}.Debug|Any CPU.Build.0 = Debug|Any CPU
		{863192E3-ADF6-44BE-BF2B-518A9E91805D}.Release|Any CPU.ActiveCfg = Release|Any CPU
		{863192E3-ADF6-44BE-BF2B-518A9E91805D}.Release|Any CPU.Build.0 = Release|Any CPU
		{E695C0FB-98DB-42DB-A7B0-0CFBC5C21ABE}.Debug|Any CPU.ActiveCfg = Debug|Any CPU
		{E695C0FB-98DB-42DB-A7B0-0CFBC5C21ABE}.Debug|Any CPU.Build.0 = Debug|Any CPU
		{E695C0FB-98DB-42DB-A7B0-0CFBC5C21ABE}.Release|Any CPU.ActiveCfg = Release|Any CPU
		{E695C0FB-98DB-42DB-A7B0-0CFBC5C21ABE}.Release|Any CPU.Build.0 = Release|Any CPU
		{F3DC1262-53F9-411E-8450-972418109250}.Debug|Any CPU.ActiveCfg = Debug|Any CPU
		{F3DC1262-53F9-411E-8450-972418109250}.Debug|Any CPU.Build.0 = Debug|Any CPU
		{F3DC1262-53F9-411E-8450-972418109250}.Release|Any CPU.ActiveCfg = Release|Any CPU
		{F3DC1262-53F9-411E-8450-972418109250}.Release|Any CPU.Build.0 = Release|Any CPU
		{0C88E4F2-E740-441A-A49C-630836CAA58C}.Debug|Any CPU.ActiveCfg = Debug|Any CPU
		{0C88E4F2-E740-441A-A49C-630836CAA58C}.Debug|Any CPU.Build.0 = Debug|Any CPU
		{0C88E4F2-E740-441A-A49C-630836CAA58C}.Release|Any CPU.ActiveCfg = Release|Any CPU
		{0C88E4F2-E740-441A-A49C-630836CAA58C}.Release|Any CPU.Build.0 = Release|Any CPU
		{5D4B6A2E-0778-462C-9556-FCAF6FF6AE7D}.Debug|Any CPU.ActiveCfg = Debug|Any CPU
		{5D4B6A2E-0778-462C-9556-FCAF6FF6AE7D}.Debug|Any CPU.Build.0 = Debug|Any CPU
		{5D4B6A2E-0778-462C-9556-FCAF6FF6AE7D}.Release|Any CPU.ActiveCfg = Release|Any CPU
		{5D4B6A2E-0778-462C-9556-FCAF6FF6AE7D}.Release|Any CPU.Build.0 = Release|Any CPU
	EndGlobalSection
	GlobalSection(NestedProjects) = preSolution
		{863192E3-ADF6-44BE-BF2B-518A9E91805D} = {571812B0-72DB-469A-846D-4C224A6F74B0}
		{E695C0FB-98DB-42DB-A7B0-0CFBC5C21ABE} = {02F714B9-1B8D-4870-BF83-BDF566A46886}
		{F3DC1262-53F9-411E-8450-972418109250} = {E155C128-6227-4AEB-AF7B-D5CCFEBE9DDD}
		{0C88E4F2-E740-441A-A49C-630836CAA58C} = {E155C128-6227-4AEB-AF7B-D5CCFEBE9DDD}
		{5D4B6A2E-0778-462C-9556-FCAF6FF6AE7D} = {02F714B9-1B8D-4870-BF83-BDF566A46886}
	EndGlobalSection
EndGlobal
